
Microsoft Visual Studio Solution File, Format Version 12.00
# Visual Studio Version 16
VisualStudioVersion = 16.0.31019.35
MinimumVisualStudioVersion = 10.0.40219.1
Project("{FAE04EC0-301F-11D3-BF4B-00C04F79EFBC}") = "MVCMovie", "MVCMovie\MVCMovie.csproj", "{B42D0E93-C947-4AD0-A7FD-DC38E8DF0DDB}"
EndProject
Global
	GlobalSection(SolutionConfigurationPlatforms) = preSolution
		Debug|Any CPU = Debug|Any CPU
		Release|Any CPU = Release|Any CPU
	EndGlobalSection
	GlobalSection(ProjectConfigurationPlatforms) = postSolution
		{B42D0E93-C947-4AD0-A7FD-DC38E8DF0DDB}.Debug|Any CPU.ActiveCfg = Debug|Any CPU
		{B42D0E93-C947-4AD0-A7FD-DC38E8DF0DDB}.Debug|Any CPU.Build.0 = Debug|Any CPU
		{B42D0E93-C947-4AD0-A7FD-DC38E8DF0DDB}.Release|Any CPU.ActiveCfg = Release|Any CPU
		{B42D0E93-C947-4AD0-A7FD-DC38E8DF0DDB}.Release|Any CPU.Build.0 = Release|Any CPU
	EndGlobalSection
	GlobalSection(SolutionProperties) = preSolution
		HideSolutionNode = FALSE
	EndGlobalSection
	GlobalSection(ExtensibilityGlobals) = postSolution
		SolutionGuid = {2B7ECB72-1CE9-44CF-B3E6-A60585091D76}
	EndGlobalSection
EndGlobal
